
Microsoft Visual Studio Solution File, Format Version 12.00
# Visual Studio Version 16
VisualStudioVersion = 16.0.29324.140
MinimumVisualStudioVersion = 10.0.40219.1
Project("{FAE04EC0-301F-11D3-BF4B-00C04F79EFBC}") = "WebApplication1", "WebApplication1\WebApplication1.csproj", "{DD5A3FB0-D440-4636-A3EB-60C61462DE5A}"
EndProject
Global
	GlobalSection(SolutionConfigurationPlatforms) = preSolution
		Debug|Any CPU = Debug|Any CPU
		Release|Any CPU = Release|Any CPU
	EndGlobalSection
	GlobalSection(ProjectConfigurationPlatforms) = postSolution
		{DD5A3FB0-D440-4636-A3EB-60C61462DE5A}.Debug|Any CPU.ActiveCfg = Debug|Any CPU
		{DD5A3FB0-D440-4636-A3EB-60C61462DE5A}.Debug|Any CPU.Build.0 = Debug|Any CPU
		{DD5A3FB0-D440-4636-A3EB-60C61462DE5A}.Release|Any CPU.ActiveCfg = Release|Any CPU
		{DD5A3FB0-D440-4636-A3EB-60C61462DE5A}.Release|Any CPU.Build.0 = Release|Any CPU
	EndGlobalSection
	GlobalSection(SolutionProperties) = preSolution
		HideSolutionNode = FALSE
	EndGlobalSection
	GlobalSection(ExtensibilityGlobals) = postSolution
		SolutionGuid = {A2C58D79-95A0-4B46-B7FA-C3E2583E191B}
	EndGlobalSection
EndGlobal
