
Microsoft Visual Studio Solution File, Format Version 12.00
# Visual Studio Version 16
VisualStudioVersion = 16.0.29409.12
MinimumVisualStudioVersion = 10.0.40219.1
Project("{FAE04EC0-301F-11D3-BF4B-00C04F79EFBC}") = "QuickFix.Web", "QuickFix.Web\QuickFix.Web.csproj", "{4223594B-B94D-41F3-808A-0E2E5200AA45}"
EndProject
Project("{FAE04EC0-301F-11D3-BF4B-00C04F79EFBC}") = "QuickFix.Model", "QuickFix.Model\QuickFix.Model.csproj", "{974600BC-48F1-467E-8991-268699600837}"
EndProject
Project("{FAE04EC0-301F-11D3-BF4B-00C04F79EFBC}") = "QuickFix.Infrastructure", "QuickFix.Infrastructure\QuickFix.Infrastructure.csproj", "{1AF04963-9168-4CDE-A563-112A916BB1BB}"
EndProject
Project("{FAE04EC0-301F-11D3-BF4B-00C04F79EFBC}") = "QuickFix.Domain", "QuickFix.Domain\QuickFix.Domain.csproj", "{C855D5B4-1A8A-4691-BDFD-DA51E2216FE2}"
EndProject
Project("{FAE04EC0-301F-11D3-BF4B-00C04F79EFBC}") = "QuickFix.Database", "QuickFix.Database\QuickFix.Database.csproj", "{4214E673-08F7-4CFA-9399-5AF1B84CA95A}"
EndProject
Project("{FAE04EC0-301F-11D3-BF4B-00C04F79EFBC}") = "QuickFix.Application", "QuickFix.Application\QuickFix.Application.csproj", "{E4A1A965-C942-40F8-9DFE-B13C6F700004}"
EndProject
Project("{FAE04EC0-301F-11D3-BF4B-00C04F79EFBC}") = "QuickFix.CrossCutting", "QuickFix.CrossCutting\QuickFix.CrossCutting.csproj", "{5F9B9BCF-6C7F-46C4-8665-C2477E179B97}"
EndProject
Global
	GlobalSection(SolutionConfigurationPlatforms) = preSolution
		Debug|Any CPU = Debug|Any CPU
		Release|Any CPU = Release|Any CPU
	EndGlobalSection
	GlobalSection(ProjectConfigurationPlatforms) = postSolution
		{4223594B-B94D-41F3-808A-0E2E5200AA45}.Debug|Any CPU.ActiveCfg = Debug|Any CPU
		{4223594B-B94D-41F3-808A-0E2E5200AA45}.Debug|Any CPU.Build.0 = Debug|Any CPU
		{4223594B-B94D-41F3-808A-0E2E5200AA45}.Release|Any CPU.ActiveCfg = Release|Any CPU
		{4223594B-B94D-41F3-808A-0E2E5200AA45}.Release|Any CPU.Build.0 = Release|Any CPU
		{974600BC-48F1-467E-8991-268699600837}.Debug|Any CPU.ActiveCfg = Debug|Any CPU
		{974600BC-48F1-467E-8991-268699600837}.Debug|Any CPU.Build.0 = Debug|Any CPU
		{974600BC-48F1-467E-8991-268699600837}.Release|Any CPU.ActiveCfg = Release|Any CPU
		{974600BC-48F1-467E-8991-268699600837}.Release|Any CPU.Build.0 = Release|Any CPU
		{1AF04963-9168-4CDE-A563-112A916BB1BB}.Debug|Any CPU.ActiveCfg = Debug|Any CPU
		{1AF04963-9168-4CDE-A563-112A916BB1BB}.Debug|Any CPU.Build.0 = Debug|Any CPU
		{1AF04963-9168-4CDE-A563-112A916BB1BB}.Release|Any CPU.ActiveCfg = Release|Any CPU
		{1AF04963-9168-4CDE-A563-112A916BB1BB}.Release|Any CPU.Build.0 = Release|Any CPU
		{C855D5B4-1A8A-4691-BDFD-DA51E2216FE2}.Debug|Any CPU.ActiveCfg = Debug|Any CPU
		{C855D5B4-1A8A-4691-BDFD-DA51E2216FE2}.Debug|Any CPU.Build.0 = Debug|Any CPU
		{C855D5B4-1A8A-4691-BDFD-DA51E2216FE2}.Release|Any CPU.ActiveCfg = Release|Any CPU
		{C855D5B4-1A8A-4691-BDFD-DA51E2216FE2}.Release|Any CPU.Build.0 = Release|Any CPU
		{4214E673-08F7-4CFA-9399-5AF1B84CA95A}.Debug|Any CPU.ActiveCfg = Debug|Any CPU
		{4214E673-08F7-4CFA-9399-5AF1B84CA95A}.Debug|Any CPU.Build.0 = Debug|Any CPU
		{4214E673-08F7-4CFA-9399-5AF1B84CA95A}.Release|Any CPU.ActiveCfg = Release|Any CPU
		{4214E673-08F7-4CFA-9399-5AF1B84CA95A}.Release|Any CPU.Build.0 = Release|Any CPU
		{E4A1A965-C942-40F8-9DFE-B13C6F700004}.Debug|Any CPU.ActiveCfg = Debug|Any CPU
		{E4A1A965-C942-40F8-9DFE-B13C6F700004}.Debug|Any CPU.Build.0 = Debug|Any CPU
		{E4A1A965-C942-40F8-9DFE-B13C6F700004}.Release|Any CPU.ActiveCfg = Release|Any CPU
		{E4A1A965-C942-40F8-9DFE-B13C6F700004}.Release|Any CPU.Build.0 = Release|Any CPU
		{5F9B9BCF-6C7F-46C4-8665-C2477E179B97}.Debug|Any CPU.ActiveCfg = Debug|Any CPU
		{5F9B9BCF-6C7F-46C4-8665-C2477E179B97}.Debug|Any CPU.Build.0 = Debug|Any CPU
		{5F9B9BCF-6C7F-46C4-8665-C2477E179B97}.Release|Any CPU.ActiveCfg = Release|Any CPU
		{5F9B9BCF-6C7F-46C4-8665-C2477E179B97}.Release|Any CPU.Build.0 = Release|Any CPU
	EndGlobalSection
	GlobalSection(SolutionProperties) = preSolution
		HideSolutionNode = FALSE
	EndGlobalSection
	GlobalSection(ExtensibilityGlobals) = postSolution
		SolutionGuid = {D7CF9123-B5E7-44E8-A876-2FC43C70280B}
	EndGlobalSection
EndGlobal
